
Microsoft Visual Studio Solution File, Format Version 11.00
# Visual Studio 2010
Project("{FAE04EC0-301F-11D3-BF4B-00C04F79EFBC}") = "MvcTurbine.AppBus", "MvcTurbine.AppBus\MvcTurbine.AppBus.csproj", "{CC4D64F3-73E7-4A7C-A3D5-45B12B94CABD}"
EndProject
Global
	GlobalSection(SolutionConfigurationPlatforms) = preSolution
		Debug|Any CPU = Debug|Any CPU
		Release|Any CPU = Release|Any CPU
	EndGlobalSection
	GlobalSection(ProjectConfigurationPlatforms) = postSolution
		{CC4D64F3-73E7-4A7C-A3D5-45B12B94CABD}.Debug|Any CPU.ActiveCfg = Debug|Any CPU
		{CC4D64F3-73E7-4A7C-A3D5-45B12B94CABD}.Debug|Any CPU.Build.0 = Debug|Any CPU
		{CC4D64F3-73E7-4A7C-A3D5-45B12B94CABD}.Release|Any CPU.ActiveCfg = Release|Any CPU
		{CC4D64F3-73E7-4A7C-A3D5-45B12B94CABD}.Release|Any CPU.Build.0 = Release|Any CPU
	EndGlobalSection
	GlobalSection(SolutionProperties) = preSolution
		HideSolutionNode = FALSE
	EndGlobalSection
EndGlobal
